
Microsoft Visual Studio Solution File, Format Version 12.00
# Visual Studio Version 16
VisualStudioVersion = 16.0.30330.147
MinimumVisualStudioVersion = 10.0.40219.1
Project("{FAE04EC0-301F-11D3-BF4B-00C04F79EFBC}") = "Examen2", "Examen2.csproj", "{B0A853A3-ABC1-4E83-B0D3-CDEE999EF68F}"
EndProject
Global
	GlobalSection(SolutionConfigurationPlatforms) = preSolution
		Debug|Any CPU = Debug|Any CPU
		Release|Any CPU = Release|Any CPU
	EndGlobalSection
	GlobalSection(ProjectConfigurationPlatforms) = postSolution
		{B0A853A3-ABC1-4E83-B0D3-CDEE999EF68F}.Debug|Any CPU.ActiveCfg = Debug|Any CPU
		{B0A853A3-ABC1-4E83-B0D3-CDEE999EF68F}.Debug|Any CPU.Build.0 = Debug|Any CPU
		{B0A853A3-ABC1-4E83-B0D3-CDEE999EF68F}.Release|Any CPU.ActiveCfg = Release|Any CPU
		{B0A853A3-ABC1-4E83-B0D3-CDEE999EF68F}.Release|Any CPU.Build.0 = Release|Any CPU
	EndGlobalSection
	GlobalSection(SolutionProperties) = preSolution
		HideSolutionNode = FALSE
	EndGlobalSection
	GlobalSection(ExtensibilityGlobals) = postSolution
		SolutionGuid = {9C161DAE-9B49-4486-B0BE-32E0D1F8DF16}
	EndGlobalSection
EndGlobal
